PODS:
  - device_info_plus (0.0.1):
    - Flutter
  - Flutter (1.0.0)
  - flutter_jailbreak_detection (1.0.0):
    - Flutter
    - IOSSecuritySuite
  - flutter_secure_storage (6.0.0):
    - Flutter
  - IOSSecuritySuite (2.1.0)
  - path_provider_foundation (0.0.1):
    - Flutter
    - FlutterMacOS
  - shared_preferences_foundation (0.0.1):
    - Flutter
    - FlutterMacOS

DEPENDENCIES:
  - device_info_plus (from `.symlinks/plugins/device_info_plus/ios`)
  - Flutter (from `Flutter`)
  - flutter_jailbreak_detection (from `.symlinks/plugins/flutter_jailbreak_detection/ios`)
  - flutter_secure_storage (from `.symlinks/plugins/flutter_secure_storage/ios`)
  - path_provider_foundation (from `.symlinks/plugins/path_provider_foundation/darwin`)
  - shared_preferences_foundation (from `.symlinks/plugins/shared_preferences_foundation/darwin`)

SPEC REPOS:
  trunk:
    - IOSSecuritySuite

EXTERNAL SOURCES:
  device_info_plus:
    :path: ".symlinks/plugins/device_info_plus/ios"
  Flutter:
    :path: Flutter
  flutter_jailbreak_detection:
    :path: ".symlinks/plugins/flutter_jailbreak_detection/ios"
  flutter_secure_storage:
    :path: ".symlinks/plugins/flutter_secure_storage/ios"
  path_provider_foundation:
    :path: ".symlinks/plugins/path_provider_foundation/darwin"
  shared_preferences_foundation:
    :path: ".symlinks/plugins/shared_preferences_foundation/darwin"

SPEC CHECKSUMS:
  device_info_plus: 335f3ce08d2e174b9fdc3db3db0f4e3b1f66bd89
  Flutter: e0871f40cf51350855a761d2e70bf5af5b9b5de7
  flutter_jailbreak_detection: a74360daaf5cbc80639959463b4b1395873c90b5
  flutter_secure_storage: 1ed9476fba7e7a782b22888f956cce43e2c62f13
  IOSSecuritySuite: 45e8531b05ffa72b5661cbdb5b5b5648a8de1a84
  path_provider_foundation: 080d55be775b7414fd5a5ef3ac137b97b097e564
  shared_preferences_foundation: 9e1978ff2562383bd5676f64ec4e9aa8fa06a6f7

PODFILE CHECKSUM: 251cb053df7158f337c0712f2ab29f4e0fa474ce

COCOAPODS: 1.16.2
